
Microsoft Visual Studio Solution File, Format Version 12.00
# Visual Studio 15
VisualStudioVersion = 15.0.27130.2003
MinimumVisualStudioVersion = 10.0.40219.1
Project("{FAE04EC0-301F-11D3-BF4B-00C04F79EFBC}") = "WebAPI", "WebAPI\WebAPI.csproj", "{E5F6FF4C-8656-4779-A338-6A6D89496852}"
EndProject
Project("{E53339B2-1760-4266-BCC7-CA923CBCF16C}") = "docker-compose", "docker-compose.dcproj", "{AC3AD6B5-37D7-472D-BBFF-05E2214CC47D}"
EndProject
Project("{2150E333-8FDC-42A3-9474-1A3956D46DE8}") = "01_FrameWork", "01_FrameWork", "{ACABBF8D-186C-47AA-A745-30B295FAC38A}"
EndProject
Project("{2150E333-8FDC-42A3-9474-1A3956D46DE8}") = "02_Common", "02_Common", "{B3328F66-73E4-4F38-A75B-F2E1362F6966}"
EndProject
Project("{FAE04EC0-301F-11D3-BF4B-00C04F79EFBC}") = "ZSY.Framework.Data", "ZSY.FrameWork.Data\ZSY.Framework.Data.csproj", "{2FBB04A2-3741-4BB3-86CF-02373E707274}"
EndProject
Project("{FAE04EC0-301F-11D3-BF4B-00C04F79EFBC}") = "ZSY.Common.API", "ZSY.Common.API\ZSY.Common.API.csproj", "{0CFE1D10-5803-4638-BC88-19F9314D3808}"
EndProject
Project("{FAE04EC0-301F-11D3-BF4B-00C04F79EFBC}") = "ZSY.Common.Data", "ZSY.Common.Data\ZSY.Common.Data.csproj", "{D5148ABA-C2EA-495F-B8EC-5E179884455C}"
EndProject
Project("{FAE04EC0-301F-11D3-BF4B-00C04F79EFBC}") = "ZSY.Common.Entity", "ZSY.Common.Entity\ZSY.Common.Entity.csproj", "{4A10708F-AD2D-4D92-8370-8FACA630D2DD}"
EndProject
Project("{FAE04EC0-301F-11D3-BF4B-00C04F79EFBC}") = "ZSY.Common.Handler", "ZSY.Common.Handler\ZSY.Common.Handler.csproj", "{6DF10CA9-8956-491D-AC7F-72A7ED17016A}"
EndProject
Project("{2150E333-8FDC-42A3-9474-1A3956D46DE8}") = "03_Weixin", "03_Weixin", "{8B55F368-0C22-4917-9952-13C053D7C977}"
EndProject
Project("{2150E333-8FDC-42A3-9474-1A3956D46DE8}") = "04_Corp", "04_Corp", "{E85F15B7-6D8F-4A76-BAAD-87F620CC6EC2}"
EndProject
Project("{2150E333-8FDC-42A3-9474-1A3956D46DE8}") = "05_SmallApp", "05_SmallApp", "{FF0DC6E7-D7B4-449E-96EF-6028929AD7A2}"
EndProject
Global
	GlobalSection(SolutionConfigurationPlatforms) = preSolution
		Debug|Any CPU = Debug|Any CPU
		Release|Any CPU = Release|Any CPU
	EndGlobalSection
	GlobalSection(ProjectConfigurationPlatforms) = postSolution
		{E5F6FF4C-8656-4779-A338-6A6D89496852}.Debug|Any CPU.ActiveCfg = Debug|Any CPU
		{E5F6FF4C-8656-4779-A338-6A6D89496852}.Debug|Any CPU.Build.0 = Debug|Any CPU
		{E5F6FF4C-8656-4779-A338-6A6D89496852}.Release|Any CPU.ActiveCfg = Release|Any CPU
		{E5F6FF4C-8656-4779-A338-6A6D89496852}.Release|Any CPU.Build.0 = Release|Any CPU
		{AC3AD6B5-37D7-472D-BBFF-05E2214CC47D}.Debug|Any CPU.ActiveCfg = Debug|Any CPU
		{AC3AD6B5-37D7-472D-BBFF-05E2214CC47D}.Debug|Any CPU.Build.0 = Debug|Any CPU
		{AC3AD6B5-37D7-472D-BBFF-05E2214CC47D}.Release|Any CPU.ActiveCfg = Release|Any CPU
		{AC3AD6B5-37D7-472D-BBFF-05E2214CC47D}.Release|Any CPU.Build.0 = Release|Any CPU
		{2FBB04A2-3741-4BB3-86CF-02373E707274}.Debug|Any CPU.ActiveCfg = Debug|Any CPU
		{2FBB04A2-3741-4BB3-86CF-02373E707274}.Debug|Any CPU.Build.0 = Debug|Any CPU
		{2FBB04A2-3741-4BB3-86CF-02373E707274}.Release|Any CPU.ActiveCfg = Release|Any CPU
		{2FBB04A2-3741-4BB3-86CF-02373E707274}.Release|Any CPU.Build.0 = Release|Any CPU
		{0CFE1D10-5803-4638-BC88-19F9314D3808}.Debug|Any CPU.ActiveCfg = Debug|Any CPU
		{0CFE1D10-5803-4638-BC88-19F9314D3808}.Debug|Any CPU.Build.0 = Debug|Any CPU
		{0CFE1D10-5803-4638-BC88-19F9314D3808}.Release|Any CPU.ActiveCfg = Release|Any CPU
		{0CFE1D10-5803-4638-BC88-19F9314D3808}.Release|Any CPU.Build.0 = Release|Any CPU
		{D5148ABA-C2EA-495F-B8EC-5E179884455C}.Debug|Any CPU.ActiveCfg = Debug|Any CPU
		{D5148ABA-C2EA-495F-B8EC-5E179884455C}.Debug|Any CPU.Build.0 = Debug|Any CPU
		{D5148ABA-C2EA-495F-B8EC-5E179884455C}.Release|Any CPU.ActiveCfg = Release|Any CPU
		{D5148ABA-C2EA-495F-B8EC-5E179884455C}.Release|Any CPU.Build.0 = Release|Any CPU
		{4A10708F-AD2D-4D92-8370-8FACA630D2DD}.Debug|Any CPU.ActiveCfg = Debug|Any CPU
		{4A10708F-AD2D-4D92-8370-8FACA630D2DD}.Debug|Any CPU.Build.0 = Debug|Any CPU
		{4A10708F-AD2D-4D92-8370-8FACA630D2DD}.Release|Any CPU.ActiveCfg = Release|Any CPU
		{4A10708F-AD2D-4D92-8370-8FACA630D2DD}.Release|Any CPU.Build.0 = Release|Any CPU
		{6DF10CA9-8956-491D-AC7F-72A7ED17016A}.Debug|Any CPU.ActiveCfg = Debug|Any CPU
		{6DF10CA9-8956-491D-AC7F-72A7ED17016A}.Debug|Any CPU.Build.0 = Debug|Any CPU
		{6DF10CA9-8956-491D-AC7F-72A7ED17016A}.Release|Any CPU.ActiveCfg = Release|Any CPU
		{6DF10CA9-8956-491D-AC7F-72A7ED17016A}.Release|Any CPU.Build.0 = Release|Any CPU
	EndGlobalSection
	GlobalSection(SolutionProperties) = preSolution
		HideSolutionNode = FALSE
	EndGlobalSection
	GlobalSection(NestedProjects) = preSolution
		{2FBB04A2-3741-4BB3-86CF-02373E707274} = {ACABBF8D-186C-47AA-A745-30B295FAC38A}
		{0CFE1D10-5803-4638-BC88-19F9314D3808} = {B3328F66-73E4-4F38-A75B-F2E1362F6966}
		{D5148ABA-C2EA-495F-B8EC-5E179884455C} = {B3328F66-73E4-4F38-A75B-F2E1362F6966}
		{4A10708F-AD2D-4D92-8370-8FACA630D2DD} = {B3328F66-73E4-4F38-A75B-F2E1362F6966}
		{6DF10CA9-8956-491D-AC7F-72A7ED17016A} = {B3328F66-73E4-4F38-A75B-F2E1362F6966}
	EndGlobalSection
	GlobalSection(ExtensibilityGlobals) = postSolution
		SolutionGuid = {D02FC384-A7B0-45D6-BC5D-886774FC73D4}
	EndGlobalSection
EndGlobal
